# THIS IS AN AUTOGENERATED FILE. DO NOT EDIT THIS FILE DIRECTLY.
# yarn lockfile v1


"@types/prettier@^1.18.2":
  version "1.18.2"
  resolved "https://registry.yarnpkg.com/@types/prettier/-/prettier-1.18.2.tgz#069e7d132024d436fd1f5771f6932426a695f230"
  integrity sha512-2JBasa5Qaj81Qsp/dxX2Njy+MdKC767WytHUDsRM7TYEfQvKPxsnGpnCBlBS1i2Aiv1YwCpmKSbQ6O6v8TpiKg==

prettier@^1.18.2:
  version "1.18.2"
  resolved "https://registry.yarnpkg.com/prettier/-/prettier-1.18.2.tgz#6823e7c5900017b4bd3acf46fe9ac4b4d7bda9ea"
  integrity sha512-OeHeMc0JhFE9idD4ZdtNibzY0+TPHSpSSb9h8FqtP+YnoZZ1sl8Vc9b1sasjfymH3SonAF4QcA2+mzHPhMvIiw==
